
Microsoft Visual Studio Solution File, Format Version 12.00
# Visual Studio Version 17
VisualStudioVersion = 17.7.34221.43
MinimumVisualStudioVersion = 10.0.40219.1
Project("{FAE04EC0-301F-11D3-BF4B-00C04F79EFBC}") = "JokesApplication", "JokesApplication.csproj", "{AA3B8E67-2290-4792-B97F-EB894AFC6B73}"
EndProject
Global
	GlobalSection(SolutionConfigurationPlatforms) = preSolution
		Debug|Any CPU = Debug|Any CPU
		Release|Any CPU = Release|Any CPU
	EndGlobalSection
	GlobalSection(ProjectConfigurationPlatforms) = postSolution
		{AA3B8E67-2290-4792-B97F-EB894AFC6B73}.Debug|Any CPU.ActiveCfg = Debug|Any CPU
		{AA3B8E67-2290-4792-B97F-EB894AFC6B73}.Debug|Any CPU.Build.0 = Debug|Any CPU
		{AA3B8E67-2290-4792-B97F-EB894AFC6B73}.Release|Any CPU.ActiveCfg = Release|Any CPU
		{AA3B8E67-2290-4792-B97F-EB894AFC6B73}.Release|Any CPU.Build.0 = Release|Any CPU
	EndGlobalSection
	GlobalSection(SolutionProperties) = preSolution
		HideSolutionNode = FALSE
	EndGlobalSection
	GlobalSection(ExtensibilityGlobals) = postSolution
		SolutionGuid = {F333BDF3-4F28-43B5-B192-1419E4744A9C}
	EndGlobalSection
EndGlobal
